
Microsoft Visual Studio Solution File, Format Version 12.00
# Visual Studio 15
VisualStudioVersion = 15.0.26430.14
MinimumVisualStudioVersion = 10.0.40219.1
Project("{FAE04EC0-301F-11D3-BF4B-00C04F79EFBC}") = "TestFileIOApril2018", "TestFileIOApril2018\TestFileIOApril2018.csproj", "{299EB3D8-5F8F-4DD1-9F83-F345A3F96173}"
EndProject
Global
	GlobalSection(SolutionConfigurationPlatforms) = preSolution
		Debug|Any CPU = Debug|Any CPU
		Release|Any CPU = Release|Any CPU
	EndGlobalSection
	GlobalSection(ProjectConfigurationPlatforms) = postSolution
		{299EB3D8-5F8F-4DD1-9F83-F345A3F96173}.Debug|Any CPU.ActiveCfg = Debug|Any CPU
		{299EB3D8-5F8F-4DD1-9F83-F345A3F96173}.Debug|Any CPU.Build.0 = Debug|Any CPU
		{299EB3D8-5F8F-4DD1-9F83-F345A3F96173}.Release|Any CPU.ActiveCfg = Release|Any CPU
		{299EB3D8-5F8F-4DD1-9F83-F345A3F96173}.Release|Any CPU.Build.0 = Release|Any CPU
	EndGlobalSection
	GlobalSection(SolutionProperties) = preSolution
		HideSolutionNode = FALSE
	EndGlobalSection
EndGlobal
